
Microsoft Visual Studio Solution File, Format Version 12.00
# Visual Studio 15
Project("{FAE04EC0-301F-11D3-BF4B-00C04F79EFBC}") = "Assembly-CSharp", "Assembly-CSharp.csproj", "{4713110F-E33D-DB56-F7E0-4ACF5AA3F60D}"
EndProject
Project("{FAE04EC0-301F-11D3-BF4B-00C04F79EFBC}") = "Fungus", "Fungus.csproj", "{7BF5876F-4AA7-4358-308B-60A2F7E8CF4E}"
EndProject
Project("{FAE04EC0-301F-11D3-BF4B-00C04F79EFBC}") = "FungusExamples", "FungusExamples.csproj", "{57FE1944-B141-C4F0-C187-D8207FEFB1AF}"
EndProject
Project("{FAE04EC0-301F-11D3-BF4B-00C04F79EFBC}") = "FungusEditor", "FungusEditor.csproj", "{9DA48DB3-8E4D-F09B-358F-9B2EA307A3F8}"
EndProject
Project("{FAE04EC0-301F-11D3-BF4B-00C04F79EFBC}") = "Assembly-CSharp-Editor", "Assembly-CSharp-Editor.csproj", "{423F52F7-881E-A21D-0C80-9664C401CFA0}"
EndProject
Project("{FAE04EC0-301F-11D3-BF4B-00C04F79EFBC}") = "Fungus.FungusLuaEditor", "Fungus.FungusLuaEditor.csproj", "{B2C841A0-BA1C-9148-4766-29EE534E8F24}"
EndProject
Project("{FAE04EC0-301F-11D3-BF4B-00C04F79EFBC}") = "Fungus.LineEndingsEditor", "Fungus.LineEndingsEditor.csproj", "{73024607-87B1-A80D-3C88-3C64AF94BD83}"
EndProject
Project("{FAE04EC0-301F-11D3-BF4B-00C04F79EFBC}") = "Fungus.UsfxrEditor", "Fungus.UsfxrEditor.csproj", "{6ABB3B0E-77E5-47AE-5B42-C4D4B50B6109}"
EndProject
Global
	GlobalSection(SolutionConfigurationPlatforms) = preSolution
		Debug|Any CPU = Debug|Any CPU
		Release|Any CPU = Release|Any CPU
	EndGlobalSection
	GlobalSection(ProjectConfigurationPlatforms) = postSolution
		{4713110F-E33D-DB56-F7E0-4ACF5AA3F60D}.Debug|Any CPU.ActiveCfg = Debug|Any CPU
		{4713110F-E33D-DB56-F7E0-4ACF5AA3F60D}.Debug|Any CPU.Build.0 = Debug|Any CPU
		{4713110F-E33D-DB56-F7E0-4ACF5AA3F60D}.Release|Any CPU.ActiveCfg = Release|Any CPU
		{4713110F-E33D-DB56-F7E0-4ACF5AA3F60D}.Release|Any CPU.Build.0 = Release|Any CPU
		{7BF5876F-4AA7-4358-308B-60A2F7E8CF4E}.Debug|Any CPU.ActiveCfg = Debug|Any CPU
		{7BF5876F-4AA7-4358-308B-60A2F7E8CF4E}.Debug|Any CPU.Build.0 = Debug|Any CPU
		{7BF5876F-4AA7-4358-308B-60A2F7E8CF4E}.Release|Any CPU.ActiveCfg = Release|Any CPU
		{7BF5876F-4AA7-4358-308B-60A2F7E8CF4E}.Release|Any CPU.Build.0 = Release|Any CPU
		{57FE1944-B141-C4F0-C187-D8207FEFB1AF}.Debug|Any CPU.ActiveCfg = Debug|Any CPU
		{57FE1944-B141-C4F0-C187-D8207FEFB1AF}.Debug|Any CPU.Build.0 = Debug|Any CPU
		{57FE1944-B141-C4F0-C187-D8207FEFB1AF}.Release|Any CPU.ActiveCfg = Release|Any CPU
		{57FE1944-B141-C4F0-C187-D8207FEFB1AF}.Release|Any CPU.Build.0 = Release|Any CPU
		{9DA48DB3-8E4D-F09B-358F-9B2EA307A3F8}.Debug|Any CPU.ActiveCfg = Debug|Any CPU
		{9DA48DB3-8E4D-F09B-358F-9B2EA307A3F8}.Debug|Any CPU.Build.0 = Debug|Any CPU
		{9DA48DB3-8E4D-F09B-358F-9B2EA307A3F8}.Release|Any CPU.ActiveCfg = Release|Any CPU
		{9DA48DB3-8E4D-F09B-358F-9B2EA307A3F8}.Release|Any CPU.Build.0 = Release|Any CPU
		{423F52F7-881E-A21D-0C80-9664C401CFA0}.Debug|Any CPU.ActiveCfg = Debug|Any CPU
		{423F52F7-881E-A21D-0C80-9664C401CFA0}.Debug|Any CPU.Build.0 = Debug|Any CPU
		{423F52F7-881E-A21D-0C80-9664C401CFA0}.Release|Any CPU.ActiveCfg = Release|Any CPU
		{423F52F7-881E-A21D-0C80-9664C401CFA0}.Release|Any CPU.Build.0 = Release|Any CPU
		{B2C841A0-BA1C-9148-4766-29EE534E8F24}.Debug|Any CPU.ActiveCfg = Debug|Any CPU
		{B2C841A0-BA1C-9148-4766-29EE534E8F24}.Debug|Any CPU.Build.0 = Debug|Any CPU
		{B2C841A0-BA1C-9148-4766-29EE534E8F24}.Release|Any CPU.ActiveCfg = Release|Any CPU
		{B2C841A0-BA1C-9148-4766-29EE534E8F24}.Release|Any CPU.Build.0 = Release|Any CPU
		{73024607-87B1-A80D-3C88-3C64AF94BD83}.Debug|Any CPU.ActiveCfg = Debug|Any CPU
		{73024607-87B1-A80D-3C88-3C64AF94BD83}.Debug|Any CPU.Build.0 = Debug|Any CPU
		{73024607-87B1-A80D-3C88-3C64AF94BD83}.Release|Any CPU.ActiveCfg = Release|Any CPU
		{73024607-87B1-A80D-3C88-3C64AF94BD83}.Release|Any CPU.Build.0 = Release|Any CPU
		{6ABB3B0E-77E5-47AE-5B42-C4D4B50B6109}.Debug|Any CPU.ActiveCfg = Debug|Any CPU
		{6ABB3B0E-77E5-47AE-5B42-C4D4B50B6109}.Debug|Any CPU.Build.0 = Debug|Any CPU
		{6ABB3B0E-77E5-47AE-5B42-C4D4B50B6109}.Release|Any CPU.ActiveCfg = Release|Any CPU
		{6ABB3B0E-77E5-47AE-5B42-C4D4B50B6109}.Release|Any CPU.Build.0 = Release|Any CPU
	EndGlobalSection
	GlobalSection(SolutionProperties) = preSolution
		HideSolutionNode = FALSE
	EndGlobalSection
EndGlobal
